github.com/google/uuid v1.3.0 h1:t6JiXgmwXMjEs8VusXIJk2BXHsn+wx8BZdTaoZ5fu7I=
github.com/google/uuid v1.3.0/go.mod h1:TIyPZe4MgqvfeYDBFedMoGGpEw/LqOeaOT+nhxU+yHo=
github.com/zytell3301/tg-globals v0.0.0-20220220204730-f74dd32ca4de h1:FNsfaKdvYJCONwnNRZ3q/YHRLh0TNyw7+SFpOmX29L8=
github.com/zytell3301/tg-globals v0.0.0-20220220204730-f74dd32ca4de/go.mod h1:JbNFEJEqy+L2Xl1ubcTpst2VUU2HvXqniKIHgukCcRM=
