github.com/google/uuid v1.3.0 h1:t6JiXgmwXMjEs8VusXIJk2BXHsn+wx8BZdTaoZ5fu7I=
github.com/google/uuid v1.3.0/go.mod h1:TIyPZe4MgqvfeYDBFedMoGGpEw/LqOeaOT+nhxU+yHo=
github.com/zytell3301/tg-globals v0.0.0-20220220204730-f74dd32ca4de h1:FNsfaKdvYJCONwnNRZ3q/YHRLh0TNyw7+SFpOmX29L8=
github.com/zytell3301/tg-globals v0.0.0-20220220204730-f74dd32ca4de/go.mod h1:JbNFEJEqy+L2Xl1ubcTpst2VUU2HvXqniKIHgukCcRM=
github.com/zytell3301/uuid-generator v0.0.0-20211107215705-4e45fc395fad h1:QAYaDR7faTp/GHkk84qM7wOKVrxwEV8W6qvilh10/JQ=
github.com/zytell3301/uuid-generator v0.0.0-20211107215705-4e45fc395fad/go.mod h1:qLqL0VUqTxC+Awbn/Twa3dEIwt2GBRb10fstB3WfF+Q=
